
Microsoft Visual Studio Solution File, Format Version 12.00
# Visual Studio 15
VisualStudioVersion = 15.0.26730.3
MinimumVisualStudioVersion = 10.0.40219.1
Project("{9A19103F-16F7-4668-BE54-9A1E7A4F7556}") = "Zoonic", "Zoonic\Zoonic.csproj", "{26EB406D-E455-4296-A725-063D6EEEAA1A}"
EndProject
Project("{9A19103F-16F7-4668-BE54-9A1E7A4F7556}") = "Zoonic.Libs", "Zoonic.Libs\Zoonic.Libs.csproj", "{46C1849B-311E-42F0-8FE0-2F0E5E5FF956}"
EndProject
Project("{9A19103F-16F7-4668-BE54-9A1E7A4F7556}") = "Zoonic.Web", "Zoonic.Web\Zoonic.Web.csproj", "{ADE69576-9CC1-441D-9300-0878DA4D7CC7}"
EndProject
Project("{2150E333-8FDC-42A3-9474-1A3956D46DE8}") = "Project", "Project", "{7F9FCFFA-2E89-49C9-B675-700469E135BF}"
EndProject
Project("{2150E333-8FDC-42A3-9474-1A3956D46DE8}") = "Api", "Api", "{82184FA8-ABFA-4CA5-9982-F91DF47CE05C}"
EndProject
Project("{9A19103F-16F7-4668-BE54-9A1E7A4F7556}") = "Common", "Common\Common.csproj", "{5DA2C38E-2D47-472E-A0CB-50B8C4AA6508}"
EndProject
Project("{9A19103F-16F7-4668-BE54-9A1E7A4F7556}") = "Zhimifan", "Zhimifan\Zhimifan.csproj", "{89F388C9-590B-4764-8DC1-21D1955B60DA}"
EndProject
Project("{E53339B2-1760-4266-BCC7-CA923CBCF16C}") = "docker-compose", "docker-compose.dcproj", "{2E9A4544-E9BD-47CE-9111-3A1199643D4D}"
EndProject
Project("{2150E333-8FDC-42A3-9474-1A3956D46DE8}") = "Weixin", "Weixin", "{BE66333E-344D-49D0-872D-72960F73B877}"
EndProject
Project("{9A19103F-16F7-4668-BE54-9A1E7A4F7556}") = "Zhimi", "..\Zhimi\Zhimi.csproj", "{6A64986D-46A9-4EC1-8F6B-7B767097C38F}"
EndProject
Project("{9A19103F-16F7-4668-BE54-9A1E7A4F7556}") = "Zoonic.StringContent", "..\Zoonic.StringContent\Zoonic.StringContent.csproj", "{7A8E22CF-187E-4D7D-8DD9-234415768AF7}"
EndProject
Project("{2150E333-8FDC-42A3-9474-1A3956D46DE8}") = "Test", "Test", "{418E551D-9103-46D1-A890-44C1C536D6F9}"
EndProject
Project("{9A19103F-16F7-4668-BE54-9A1E7A4F7556}") = "Zoonic.Test", "Zoonic.Test\Zoonic.Test.csproj", "{94C0757F-5DE7-47A3-9130-F595500A3FE4}"
EndProject
Project("{9A19103F-16F7-4668-BE54-9A1E7A4F7556}") = "Entity", "..\Entity\Entity.csproj", "{5CE0F22F-E0CA-47E2-8C2A-F7498C50290A}"
EndProject
Project("{FAE04EC0-301F-11D3-BF4B-00C04F79EFBC}") = "Zoonic.MongoDB", "..\Zoonic.MongoDB\Zoonic.MongoDB.csproj", "{70D709CA-817E-461B-B0A1-95559DD7CF73}"
EndProject
Global
	GlobalSection(SolutionConfigurationPlatforms) = preSolution
		Debug|Any CPU = Debug|Any CPU
		Release|Any CPU = Release|Any CPU
	EndGlobalSection
	GlobalSection(ProjectConfigurationPlatforms) = postSolution
		{26EB406D-E455-4296-A725-063D6EEEAA1A}.Debug|Any CPU.ActiveCfg = Debug|Any CPU
		{26EB406D-E455-4296-A725-063D6EEEAA1A}.Debug|Any CPU.Build.0 = Debug|Any CPU
		{26EB406D-E455-4296-A725-063D6EEEAA1A}.Release|Any CPU.ActiveCfg = Release|Any CPU
		{26EB406D-E455-4296-A725-063D6EEEAA1A}.Release|Any CPU.Build.0 = Release|Any CPU
		{46C1849B-311E-42F0-8FE0-2F0E5E5FF956}.Debug|Any CPU.ActiveCfg = Debug|Any CPU
		{46C1849B-311E-42F0-8FE0-2F0E5E5FF956}.Debug|Any CPU.Build.0 = Debug|Any CPU
		{46C1849B-311E-42F0-8FE0-2F0E5E5FF956}.Release|Any CPU.ActiveCfg = Release|Any CPU
		{46C1849B-311E-42F0-8FE0-2F0E5E5FF956}.Release|Any CPU.Build.0 = Release|Any CPU
		{ADE69576-9CC1-441D-9300-0878DA4D7CC7}.Debug|Any CPU.ActiveCfg = Debug|Any CPU
		{ADE69576-9CC1-441D-9300-0878DA4D7CC7}.Debug|Any CPU.Build.0 = Debug|Any CPU
		{ADE69576-9CC1-441D-9300-0878DA4D7CC7}.Release|Any CPU.ActiveCfg = Release|Any CPU
		{ADE69576-9CC1-441D-9300-0878DA4D7CC7}.Release|Any CPU.Build.0 = Release|Any CPU
		{5DA2C38E-2D47-472E-A0CB-50B8C4AA6508}.Debug|Any CPU.ActiveCfg = Debug|Any CPU
		{5DA2C38E-2D47-472E-A0CB-50B8C4AA6508}.Debug|Any CPU.Build.0 = Debug|Any CPU
		{5DA2C38E-2D47-472E-A0CB-50B8C4AA6508}.Release|Any CPU.ActiveCfg = Release|Any CPU
		{5DA2C38E-2D47-472E-A0CB-50B8C4AA6508}.Release|Any CPU.Build.0 = Release|Any CPU
		{89F388C9-590B-4764-8DC1-21D1955B60DA}.Debug|Any CPU.ActiveCfg = Debug|Any CPU
		{89F388C9-590B-4764-8DC1-21D1955B60DA}.Debug|Any CPU.Build.0 = Debug|Any CPU
		{89F388C9-590B-4764-8DC1-21D1955B60DA}.Release|Any CPU.ActiveCfg = Release|Any CPU
		{89F388C9-590B-4764-8DC1-21D1955B60DA}.Release|Any CPU.Build.0 = Release|Any CPU
		{2E9A4544-E9BD-47CE-9111-3A1199643D4D}.Debug|Any CPU.ActiveCfg = Debug|Any CPU
		{2E9A4544-E9BD-47CE-9111-3A1199643D4D}.Debug|Any CPU.Build.0 = Debug|Any CPU
		{2E9A4544-E9BD-47CE-9111-3A1199643D4D}.Release|Any CPU.ActiveCfg = Release|Any CPU
		{2E9A4544-E9BD-47CE-9111-3A1199643D4D}.Release|Any CPU.Build.0 = Release|Any CPU
		{6A64986D-46A9-4EC1-8F6B-7B767097C38F}.Debug|Any CPU.ActiveCfg = Debug|Any CPU
		{6A64986D-46A9-4EC1-8F6B-7B767097C38F}.Debug|Any CPU.Build.0 = Debug|Any CPU
		{6A64986D-46A9-4EC1-8F6B-7B767097C38F}.Release|Any CPU.ActiveCfg = Release|Any CPU
		{6A64986D-46A9-4EC1-8F6B-7B767097C38F}.Release|Any CPU.Build.0 = Release|Any CPU
		{7A8E22CF-187E-4D7D-8DD9-234415768AF7}.Debug|Any CPU.ActiveCfg = Debug|Any CPU
		{7A8E22CF-187E-4D7D-8DD9-234415768AF7}.Debug|Any CPU.Build.0 = Debug|Any CPU
		{7A8E22CF-187E-4D7D-8DD9-234415768AF7}.Release|Any CPU.ActiveCfg = Release|Any CPU
		{7A8E22CF-187E-4D7D-8DD9-234415768AF7}.Release|Any CPU.Build.0 = Release|Any CPU
		{94C0757F-5DE7-47A3-9130-F595500A3FE4}.Debug|Any CPU.ActiveCfg = Debug|Any CPU
		{94C0757F-5DE7-47A3-9130-F595500A3FE4}.Debug|Any CPU.Build.0 = Debug|Any CPU
		{94C0757F-5DE7-47A3-9130-F595500A3FE4}.Release|Any CPU.ActiveCfg = Release|Any CPU
		{94C0757F-5DE7-47A3-9130-F595500A3FE4}.Release|Any CPU.Build.0 = Release|Any CPU
		{5CE0F22F-E0CA-47E2-8C2A-F7498C50290A}.Debug|Any CPU.ActiveCfg = Debug|Any CPU
		{5CE0F22F-E0CA-47E2-8C2A-F7498C50290A}.Debug|Any CPU.Build.0 = Debug|Any CPU
		{5CE0F22F-E0CA-47E2-8C2A-F7498C50290A}.Release|Any CPU.ActiveCfg = Release|Any CPU
		{5CE0F22F-E0CA-47E2-8C2A-F7498C50290A}.Release|Any CPU.Build.0 = Release|Any CPU
		{70D709CA-817E-461B-B0A1-95559DD7CF73}.Debug|Any CPU.ActiveCfg = Debug|Any CPU
		{70D709CA-817E-461B-B0A1-95559DD7CF73}.Debug|Any CPU.Build.0 = Debug|Any CPU
		{70D709CA-817E-461B-B0A1-95559DD7CF73}.Release|Any CPU.ActiveCfg = Release|Any CPU
		{70D709CA-817E-461B-B0A1-95559DD7CF73}.Release|Any CPU.Build.0 = Release|Any CPU
	EndGlobalSection
	GlobalSection(SolutionProperties) = preSolution
		HideSolutionNode = FALSE
	EndGlobalSection
	GlobalSection(NestedProjects) = preSolution
		{82184FA8-ABFA-4CA5-9982-F91DF47CE05C} = {7F9FCFFA-2E89-49C9-B675-700469E135BF}
		{5DA2C38E-2D47-472E-A0CB-50B8C4AA6508} = {82184FA8-ABFA-4CA5-9982-F91DF47CE05C}
		{89F388C9-590B-4764-8DC1-21D1955B60DA} = {82184FA8-ABFA-4CA5-9982-F91DF47CE05C}
		{BE66333E-344D-49D0-872D-72960F73B877} = {7F9FCFFA-2E89-49C9-B675-700469E135BF}
		{6A64986D-46A9-4EC1-8F6B-7B767097C38F} = {BE66333E-344D-49D0-872D-72960F73B877}
		{94C0757F-5DE7-47A3-9130-F595500A3FE4} = {418E551D-9103-46D1-A890-44C1C536D6F9}
		{5CE0F22F-E0CA-47E2-8C2A-F7498C50290A} = {82184FA8-ABFA-4CA5-9982-F91DF47CE05C}
	EndGlobalSection
	GlobalSection(ExtensibilityGlobals) = postSolution
		SolutionGuid = {EED854ED-305A-440F-9EFC-5E10009202D7}
	EndGlobalSection
EndGlobal
